// !$*UTF8*$!
{
	archiveVersion = 1;
	classes = {
	};
	objectVersion = 46;
	objects = {

/* Begin PBXBuildFile section */
		AD8DF5C51C1ABE9700BC4349 /* main.m in Sources */ = {isa = PBXBuildFile; fileRef = AD8DF5C41C1ABE9700BC4349 /* main.m */; };
		AD8DF5C81C1ABE9700BC4349 /* AppDelegate.m in Sources */ = {isa = PBXBuildFile; fileRef = AD8DF5C71C1ABE9700BC4349 /* AppDelegate.m */; };
		AD8DF5CB1C1ABE9700BC4349 /* ViewController.m in Sources */ = {isa = PBXBuildFile; fileRef = AD8DF5CA1C1ABE9700BC4349 /* ViewController.m */; };
		AD8DF5CE1C1ABE9700BC4349 /* Main.storyboard in Resources */ = {isa = PBXBuildFile; fileRef = AD8DF5CC1C1ABE9700BC4349 /* Main.storyboard */; };
		AD8DF5D01C1ABE9700BC4349 /* Images.xcassets in Resources */ = {isa = PBXBuildFile; fileRef = AD8DF5CF1C1ABE9700BC4349 /* Images.xcassets */; };
		AD8DF5D31C1ABE9700BC4349 /* LaunchScreen.xib in Resources */ = {isa = PBXBuildFile; fileRef = AD8DF5D11C1ABE9700BC4349 /* LaunchScreen.xib */; };
		AD8DF5DF1C1ABE9700BC4349 /* TableViewCellTestTests.m in Sources */ = {isa = PBXBuildFile; fileRef = AD8DF5DE1C1ABE9700BC4349 /* TableViewCellTestTests.m */; };
		AD8DF5EA1C1ABEAC00BC4349 /* TableViewCell.m in Sources */ = {isa = PBXBuildFile; fileRef = AD8DF5E91C1ABEAC00BC4349 /* TableViewCell.m */; };
		AD8DF5EC1C1ABEC600BC4349 /* TableViewCell.xib in Resources */ = {isa = PBXBuildFile; fileRef = AD8DF5EB1C1ABEC600BC4349 /* TableViewCell.xib */; };
		ADDB4F761C1FC251005041C7 /* View.m in Sources */ = {isa = PBXBuildFile; fileRef = ADDB4F751C1FC251005041C7 /* View.m */; };
/* End PBXBuildFile section */

/* Begin PBXContainerItemProxy section */
		AD8DF5D91C1ABE9700BC4349 /* PBXContainerItemProxy */ = {
			isa = PBXContainerItemProxy;
			containerPortal = AD8DF5B71C1ABE9700BC4349 /* Project object */;
			proxyType = 1;
			remoteGlobalIDString = AD8DF5BE1C1ABE9700BC4349;
			remoteInfo = TableViewCellTest;
		};
/* End PBXContainerItemProxy section */

/* Begin PBXFileReference section */
		AD8DF5BF1C1ABE9700BC4349 /* TableViewCellTest.app */ = {isa = PBXFileReference; explicitFileType = wrapper.application; includeInIndex = 0; path = TableViewCellTest.app; sourceTree = BUILT_PRODUCTS_DIR; };
		AD8DF5C31C1ABE9700BC4349 /* Info.plist */ = {isa = PBXFileReference; lastKnownFileType = text.plist.xml; path = Info.plist; sourceTree = "<group>"; };
		AD8DF5C41C1ABE9700BC4349 /* main.m */ = {isa = PBXFileReference; lastKnownFileType = sourcecode.c.objc; path = main.m; sourceTree = "<group>"; };
		AD8DF5C61C1ABE9700BC4349 /* AppDelegate.h */ = {isa = PBXFileReference; lastKnownFileType = sourcecode.c.h; path = AppDelegate.h; sourceTree = "<group>"; };
		AD8DF5C71C1ABE9700BC4349 /* AppDelegate.m */ = {isa = PBXFileReference; lastKnownFileType = sourcecode.c.objc; path = AppDelegate.m; sourceTree = "<group>"; };
		AD8DF5C91C1ABE9700BC4349 /* ViewController.h */ = {isa = PBXFileReference; lastKnownFileType = sourcecode.c.h; path = ViewController.h; sourceTree = "<group>"; };
		AD8DF5CA1C1ABE9700BC4349 /* ViewController.m */ = {isa = PBXFileReference; lastKnownFileType = sourcecode.c.objc; path = ViewController.m; sourceTree = "<group>"; };
		AD8DF5CD1C1ABE9700BC4349 /* Base */ = {isa = PBXFileReference; lastKnownFileType = file.storyboard; name = Base; path = Base.lproj/Main.storyboard; sourceTree = "<group>"; };
		AD8DF5CF1C1ABE9700BC4349 /* Images.xcassets */ = {isa = PBXFileReference; lastKnownFileType = folder.assetcatalog; path = Images.xcassets; sourceTree = "<group>"; };
		AD8DF5D21C1ABE9700BC4349 /* Base */ = {isa = PBXFileReference; lastKnownFileType = file.xib; name = Base; path = Base.lproj/LaunchScreen.xib; sourceTree = "<group>"; };
		AD8DF5D81C1ABE9700BC4349 /* TableViewCellTestTests.xctest */ = {isa = PBXFileReference; explicitFileType = wrapper.cfbundle; includeInIndex = 0; path = TableViewCellTestTests.xctest; sourceTree = BUILT_PRODUCTS_DIR; };
		AD8DF5DD1C1ABE9700BC4349 /* Info.plist */ = {isa = PBXFileReference; lastKnownFileType = text.plist.xml; path = Info.plist; sourceTree = "<group>"; };
		AD8DF5DE1C1ABE9700BC4349 /* TableViewCellTestTests.m */ = {isa = PBXFileReference; lastKnownFileType = sourcecode.c.objc; path = TableViewCellTestTests.m; sourceTree = "<group>"; };
		AD8DF5E81C1ABEAC00BC4349 /* TableViewCell.h */ = {isa = PBXFileReference; fileEncoding = 4; lastKnownFileType = sourcecode.c.h; path = TableViewCell.h; sourceTree = "<group>"; };
		AD8DF5E91C1ABEAC00BC4349 /* TableViewCell.m */ = {isa = PBXFileReference; fileEncoding = 4; lastKnownFileType = sourcecode.c.objc; path = TableViewCell.m; sourceTree = "<group>"; };
		AD8DF5EB1C1ABEC600BC4349 /* TableViewCell.xib */ = {isa = PBXFileReference; fileEncoding = 4; lastKnownFileType = file.xib; path = TableViewCell.xib; sourceTree = "<group>"; };
		ADDB4F741C1FC251005041C7 /* View.h */ = {isa = PBXFileReference; fileEncoding = 4; lastKnownFileType = sourcecode.c.h; path = View.h; sourceTree = "<group>"; };
		ADDB4F751C1FC251005041C7 /* View.m */ = {isa = PBXFileReference; fileEncoding = 4; lastKnownFileType = sourcecode.c.objc; path = View.m; sourceTree = "<group>"; };
/* End PBXFileReference section */

/* Begin PBXFrameworksBuildPhase section */
		AD8DF5BC1C1ABE9700BC4349 /* Frameworks */ = {
			isa = PBXFrameworksBuildPhase;
			buildActionMask = 2147483647;
			files = (
			);
			runOnlyForDeploymentPostprocessing = 0;
		};
		AD8DF5D51C1ABE9700BC4349 /* Frameworks */ = {
			isa = PBXFrameworksBuildPhase;
			buildActionMask = 2147483647;
			files = (
			);
			runOnlyForDeploymentPostprocessing = 0;
		};
/* End PBXFrameworksBuildPhase section */

/* Begin PBXGroup section */
		AD8DF5B61C1ABE9700BC4349 = {
			isa = PBXGroup;
			children = (
				AD8DF5C11C1ABE9700BC4349 /* TableViewCellTest */,
				AD8DF5DB1C1ABE9700BC4349 /* TableViewCellTestTests */,
				AD8DF5C01C1ABE9700BC4349 /* Products */,
			);
			sourceTree = "<group>";
		};
		AD8DF5C01C1ABE9700BC4349 /* Products */ = {
			isa = PBXGroup;
			children = (
				AD8DF5BF1C1ABE9700BC4349 /* TableViewCellTest.app */,
				AD8DF5D81C1ABE9700BC4349 /* TableViewCellTestTests.xctest */,
			);
			name = Products;
			sourceTree = "<group>";
		};
		AD8DF5C11C1ABE9700BC4349 /* TableViewCellTest */ = {
			isa = PBXGroup;
			children = (
				AD8DF5C61C1ABE9700BC4349 /* AppDelegate.h */,
				AD8DF5C71C1ABE9700BC4349 /* AppDelegate.m */,
				AD8DF5C91C1ABE9700BC4349 /* ViewController.h */,
				AD8DF5CA1C1ABE9700BC4349 /* ViewController.m */,
				AD8DF5E81C1ABEAC00BC4349 /* TableViewCell.h */,
				AD8DF5E91C1ABEAC00BC4349 /* TableViewCell.m */,
				ADDB4F741C1FC251005041C7 /* View.h */,
				ADDB4F751C1FC251005041C7 /* View.m */,
				AD8DF5EB1C1ABEC600BC4349 /* TableViewCell.xib */,
				AD8DF5CC1C1ABE9700BC4349 /* Main.storyboard */,
				AD8DF5CF1C1ABE9700BC4349 /* Images.xcassets */,
				AD8DF5D11C1ABE9700BC4349 /* LaunchScreen.xib */,
				AD8DF5C21C1ABE9700BC4349 /* Supporting Files */,
			);
			path = TableViewCellTest;
			sourceTree = "<group>";
		};
		AD8DF5C21C1ABE9700BC4349 /* Supporting Files */ = {
			isa = PBXGroup;
			children = (
				AD8DF5C31C1ABE9700BC4349 /* Info.plist */,
				AD8DF5C41C1ABE9700BC4349 /* main.m */,
			);
			name = "Supporting Files";
			sourceTree = "<group>";
		};
		AD8DF5DB1C1ABE9700BC4349 /* TableViewCellTestTests */ = {
			isa = PBXGroup;
			children = (
				AD8DF5DE1C1ABE9700BC4349 /* TableViewCellTestTests.m */,
				AD8DF5DC1C1ABE9700BC4349 /* Supporting Files */,
			);
			path = TableViewCellTestTests;
			sourceTree = "<group>";
		};
		AD8DF5DC1C1ABE9700BC4349 /* Supporting Files */ = {
			isa = PBXGroup;
			children = (
				AD8DF5DD1C1ABE9700BC4349 /* Info.plist */,
			);
			name = "Supporting Files";
			sourceTree = "<group>";
		};
/* End PBXGroup section */

/* Begin PBXNativeTarget section */
		AD8DF5BE1C1ABE9700BC4349 /* TableViewCellTest */ = {
			isa = PBXNativeTarget;
			buildConfigurationList = AD8DF5E21C1ABE9700BC4349 /* Build configuration list for PBXNativeTarget "TableViewCellTest" */;
			buildPhases = (
				AD8DF5BB1C1ABE9700BC4349 /* Sources */,
				AD8DF5BC1C1ABE9700BC4349 /* Frameworks */,
				AD8DF5BD1C1ABE9700BC4349 /* Resources */,
			);
			buildRules = (
			);
			dependencies = (
			);
			name = TableViewCellTest;
			productName = TableViewCellTest;
			productReference = AD8DF5BF1C1ABE9700BC4349 /* TableViewCellTest.app */;
			productType = "com.apple.product-type.application";
		};
		AD8DF5D71C1ABE9700BC4349 /* TableViewCellTestTests */ = {
			isa = PBXNativeTarget;
			buildConfigurationList = AD8DF5E51C1ABE9700BC4349 /* Build configuration list for PBXNativeTarget "TableViewCellTestTests" */;
			buildPhases = (
				AD8DF5D41C1ABE9700BC4349 /* Sources */,
				AD8DF5D51C1ABE9700BC4349 /* Frameworks */,
				AD8DF5D61C1ABE9700BC4349 /* Resources */,
			);
			buildRules = (
			);
			dependencies = (
				AD8DF5DA1C1ABE9700BC4349 /* PBXTargetDependency */,
			);
			name = TableViewCellTestTests;
			productName = TableViewCellTestTests;
			productReference = AD8DF5D81C1ABE9700BC4349 /* TableViewCellTestTests.xctest */;
			productType = "com.apple.product-type.bundle.unit-test";
		};
/* End PBXNativeTarget section */

/* Begin PBXProject section */
		AD8DF5B71C1ABE9700BC4349 /* Project object */ = {
			isa = PBXProject;
			attributes = {
				LastUpgradeCheck = 0610;
				ORGANIZATIONNAME = sylvan;
				TargetAttributes = {
					AD8DF5BE1C1ABE9700BC4349 = {
						CreatedOnToolsVersion = 6.1;
					};
					AD8DF5D71C1ABE9700BC4349 = {
						CreatedOnToolsVersion = 6.1;
						TestTargetID = AD8DF5BE1C1ABE9700BC4349;
					};
				};
			};
			buildConfigurationList = AD8DF5BA1C1ABE9700BC4349 /* Build configuration list for PBXProject "TableViewCellTest" */;
			compatibilityVersion = "Xcode 3.2";
			developmentRegion = English;
			hasScannedForEncodings = 0;
			knownRegions = (
				en,
				Base,
			);
			mainGroup = AD8DF5B61C1ABE9700BC4349;
			productRefGroup = AD8DF5C01C1ABE9700BC4349 /* Products */;
			projectDirPath = "";
			projectRoot = "";
			targets = (
				AD8DF5BE1C1ABE9700BC4349 /* TableViewCellTest */,
				AD8DF5D71C1ABE9700BC4349 /* TableViewCellTestTests */,
			);
		};
/* End PBXProject section */

/* Begin PBXResourcesBuildPhase section */
		AD8DF5BD1C1ABE9700BC4349 /* Resources */ = {
			isa = PBXResourcesBuildPhase;
			buildActionMask = 2147483647;
			files = (
				AD8DF5CE1C1ABE9700BC4349 /* Main.storyboard in Resources */,
				AD8DF5EC1C1ABEC600BC4349 /* TableViewCell.xib in Resources */,
				AD8DF5D31C1ABE9700BC4349 /* LaunchScreen.xib in Resources */,
				AD8DF5D01C1ABE9700BC4349 /* Images.xcassets in Resources */,
			);
			runOnlyForDeploymentPostprocessing = 0;
		};
		AD8DF5D61C1ABE9700BC4349 /* Resources */ = {
			isa = PBXResourcesBuildPhase;
			buildActionMask = 2147483647;
			files = (
			);
			runOnlyForDeploymentPostprocessing = 0;
		};
/* End PBXResourcesBuildPhase section */

/* Begin PBXSourcesBuildPhase section */
		AD8DF5BB1C1ABE9700BC4349 /* Sources */ = {
			isa = PBXSourcesBuildPhase;
			buildActionMask = 2147483647;
			files = (
				ADDB4F761C1FC251005041C7 /* View.m in Sources */,
				AD8DF5CB1C1ABE9700BC4349 /* ViewController.m in Sources */,
				AD8DF5EA1C1ABEAC00BC4349 /* TableViewCell.m in Sources */,
				AD8DF5C81C1ABE9700BC4349 /* AppDelegate.m in Sources */,
				AD8DF5C51C1ABE9700BC4349 /* main.m in Sources */,
			);
			runOnlyForDeploymentPostprocessing = 0;
		};
		AD8DF5D41C1ABE9700BC4349 /* Sources */ = {
			isa = PBXSourcesBuildPhase;
			buildActionMask = 2147483647;
			files = (
				AD8DF5DF1C1ABE9700BC4349 /* TableViewCellTestTests.m in Sources */,
			);
			runOnlyForDeploymentPostprocessing = 0;
		};
/* End PBXSourcesBuildPhase section */

/* Begin PBXTargetDependency section */
		AD8DF5DA1C1ABE9700BC4349 /* PBXTargetDependency */ = {
			isa = PBXTargetDependency;
			target = AD8DF5BE1C1ABE9700BC4349 /* TableViewCellTest */;
			targetProxy = AD8DF5D91C1ABE9700BC4349 /* PBXContainerItemProxy */;
		};
/* End PBXTargetDependency section */

/* Begin PBXVariantGroup section */
		AD8DF5CC1C1ABE9700BC4349 /* Main.storyboard */ = {
			isa = PBXVariantGroup;
			children = (
				AD8DF5CD1C1ABE9700BC4349 /* Base */,
			);
			name = Main.storyboard;
			sourceTree = "<group>";
		};
		AD8DF5D11C1ABE9700BC4349 /* LaunchScreen.xib */ = {
			isa = PBXVariantGroup;
			children = (
				AD8DF5D21C1ABE9700BC4349 /* Base */,
			);
			name = LaunchScreen.xib;
			sourceTree = "<group>";
		};
/* End PBXVariantGroup section */

/* Begin XCBuildConfiguration section */
		AD8DF5E01C1ABE9700BC4349 /* Debug */ = {
			isa = XCBuildConfiguration;
			buildSettings = {
				ALWAYS_SEARCH_USER_PATHS = NO;
				CLANG_CXX_LANGUAGE_STANDARD = "gnu++0x";
				CLANG_CXX_LIBRARY = "libc++";
				CLANG_ENABLE_MODULES = YES;
				CLANG_ENABLE_OBJC_ARC = YES;
				CLANG_WARN_BOOL_CONVERSION = YES;
				CLANG_WARN_CONSTANT_CONVERSION = YES;
				CLANG_WARN_DIRECT_OBJC_ISA_USAGE = YES_ERROR;
				CLANG_WARN_EMPTY_BODY = YES;
				CLANG_WARN_ENUM_CONVERSION = YES;
				CLANG_WARN_INT_CONVERSION = YES;
				CLANG_WARN_OBJC_ROOT_CLASS = YES_ERROR;
				CLANG_WARN_UNREACHABLE_CODE = YES;
				CLANG_WARN__DUPLICATE_METHOD_MATCH = YES;
				"CODE_SIGN_IDENTITY[sdk=iphoneos*]" = "iPhone Developer";
				COPY_PHASE_STRIP = NO;
				ENABLE_STRICT_OBJC_MSGSEND = YES;
				GCC_C_LANGUAGE_STANDARD = gnu99;
				GCC_DYNAMIC_NO_PIC = NO;
				GCC_OPTIMIZATION_LEVEL = 0;
				GCC_PREPROCESSOR_DEFINITIONS = (
					"DEBUG=1",
					"$(inherited)",
				);
				GCC_SYMBOLS_PRIVATE_EXTERN = NO;
				GCC_WARN_64_TO_32_BIT_CONVERSION = YES;
				GCC_WARN_ABOUT_RETURN_TYPE = YES_ERROR;
				GCC_WARN_UNDECLARED_SELECTOR = YES;
				GCC_WARN_UNINITIALIZED_AUTOS = YES_AGGRESSIVE;
				GCC_WARN_UNUSED_FUNCTION = YES;
				GCC_WARN_UNUSED_VARIABLE = YES;
				IPHONEOS_DEPLOYMENT_TARGET = 8.1;
				MTL_ENABLE_DEBUG_INFO = YES;
				ONLY_ACTIVE_ARCH = YES;
				SDKROOT = iphoneos;
			};
			name = Debug;
		};
		AD8DF5E11C1ABE9700BC4349 /* Release */ = {
			isa = XCBuildConfiguration;
			buildSettings = {
				ALWAYS_SEARCH_USER_PATHS = NO;
				CLANG_CXX_LANGUAGE_STANDARD = "gnu++0x";
				CLANG_CXX_LIBRARY = "libc++";
				CLANG_ENABLE_MODULES = YES;
				CLANG_ENABLE_OBJC_ARC = YES;
				CLANG_WARN_BOOL_CONVERSION = YES;
				CLANG_WARN_CONSTANT_CONVERSION = YES;
				CLANG_WARN_DIRECT_OBJC_ISA_USAGE = YES_ERROR;
				CLANG_WARN_EMPTY_BODY = YES;
				CLANG_WARN_ENUM_CONVERSION = YES;
				CLANG_WARN_INT_CONVERSION = YES;
				CLANG_WARN_OBJC_ROOT_CLASS = YES_ERROR;
				CLANG_WARN_UNREACHABLE_CODE = YES;
				CLANG_WARN__DUPLICATE_METHOD_MATCH = YES;
				"CODE_SIGN_IDENTITY[sdk=iphoneos*]" = "iPhone Developer";
				COPY_PHASE_STRIP = YES;
				ENABLE_NS_ASSERTIONS = NO;
				ENABLE_STRICT_OBJC_MSGSEND = YES;
				GCC_C_LANGUAGE_STANDARD = gnu99;
				GCC_WARN_64_TO_32_BIT_CONVERSION = YES;
				GCC_WARN_ABOUT_RETURN_TYPE = YES_ERROR;
				GCC_WARN_UNDECLARED_SELECTOR = YES;
				GCC_WARN_UNINITIALIZED_AUTOS = YES_AGGRESSIVE;
				GCC_WARN_UNUSED_FUNCTION = YES;
				GCC_WARN_UNUSED_VARIABLE = YES;
				IPHONEOS_DEPLOYMENT_TARGET = 8.1;
				MTL_ENABLE_DEBUG_INFO = NO;
				SDKROOT = iphoneos;
				VALIDATE_PRODUCT = YES;
			};
			name = Release;
		};
		AD8DF5E31C1ABE9700BC4349 /* Debug */ = {
			isa = XCBuildConfiguration;
			buildSettings = {
				ASSETCATALOG_COMPILER_APPICON_NAME = AppIcon;
				INFOPLIST_FILE = TableViewCellTest/Info.plist;
				LD_RUNPATH_SEARCH_PATHS = "$(inherited) @executable_path/Frameworks";
				PRODUCT_NAME = "$(TARGET_NAME)";
			};
			name = Debug;
		};
		AD8DF5E41C1ABE9700BC4349 /* Release */ = {
			isa = XCBuildConfiguration;
			buildSettings = {
				ASSETCATALOG_COMPILER_APPICON_NAME = AppIcon;
				INFOPLIST_FILE = TableViewCellTest/Info.plist;
				LD_RUNPATH_SEARCH_PATHS = "$(inherited) @executable_path/Frameworks";
				PRODUCT_NAME = "$(TARGET_NAME)";
			};
			name = Release;
		};
		AD8DF5E61C1ABE9700BC4349 /* Debug */ = {
			isa = XCBuildConfiguration;
			buildSettings = {
				BUNDLE_LOADER = "$(TEST_HOST)";
				FRAMEWORK_SEARCH_PATHS = (
					"$(SDKROOT)/Developer/Library/Frameworks",
					"$(inherited)",
				);
				GCC_PREPROCESSOR_DEFINITIONS = (
					"DEBUG=1",
					"$(inherited)",
				);
				INFOPLIST_FILE = TableViewCellTestTests/Info.plist;
				LD_RUNPATH_SEARCH_PATHS = "$(inherited) @executable_path/Frameworks @loader_path/Frameworks";
				PRODUCT_NAME = "$(TARGET_NAME)";
				TEST_HOST = "$(BUILT_PRODUCTS_DIR)/TableViewCellTest.app/TableViewCellTest";
			};
			name = Debug;
		};
		AD8DF5E71C1ABE9700BC4349 /* Release */ = {
			isa = XCBuildConfiguration;
			buildSettings = {
				BUNDLE_LOADER = "$(TEST_HOST)";
				FRAMEWORK_SEARCH_PATHS = (
					"$(SDKROOT)/Developer/Library/Frameworks",
					"$(inherited)",
				);
				INFOPLIST_FILE = TableViewCellTestTests/Info.plist;
				LD_RUNPATH_SEARCH_PATHS = "$(inherited) @executable_path/Frameworks @loader_path/Frameworks";
				PRODUCT_NAME = "$(TARGET_NAME)";
				TEST_HOST = "$(BUILT_PRODUCTS_DIR)/TableViewCellTest.app/TableViewCellTest";
			};
			name = Release;
		};
/* End XCBuildConfiguration section */

/* Begin XCConfigurationList section */
		AD8DF5BA1C1ABE9700BC4349 /* Build configuration list for PBXProject "TableViewCellTest" */ = {
			isa = XCConfigurationList;
			buildConfigurations = (
				AD8DF5E01C1ABE9700BC4349 /* Debug */,
				AD8DF5E11C1ABE9700BC4349 /* Release */,
			);
			defaultConfigurationIsVisible = 0;
			defaultConfigurationName = Release;
		};
		AD8DF5E21C1ABE9700BC4349 /* Build configuration list for PBXNativeTarget "TableViewCellTest" */ = {
			isa = XCConfigurationList;
			buildConfigurations = (
				AD8DF5E31C1ABE9700BC4349 /* Debug */,
				AD8DF5E41C1ABE9700BC4349 /* Release */,
			);
			defaultConfigurationIsVisible = 0;
			defaultConfigurationName = Release;
		};
		AD8DF5E51C1ABE9700BC4349 /* Build configuration list for PBXNativeTarget "TableViewCellTestTests" */ = {
			isa = XCConfigurationList;
			buildConfigurations = (
				AD8DF5E61C1ABE9700BC4349 /* Debug */,
				AD8DF5E71C1ABE9700BC4349 /* Release */,
			);
			defaultConfigurationIsVisible = 0;
			defaultConfigurationName = Release;
		};
/* End XCConfigurationList section */
	};
	rootObject = AD8DF5B71C1ABE9700BC4349 /* Project object */;
}
